<?xml version="1.0" encoding="utf-8"?>
<Project ToolsVersion="4.0" xmlns="http://schemas.microsoft.com/developer/msbuild/2003">
  <ItemGroup>
    <Filter Include="Utility">
      <UniqueIdentifier>{a312e714-6491-4257-a0cb-7ea797486021}</UniqueIdentifier>
    </Filter>
    <Filter Include="Math">
      <UniqueIdentifier>{38361d77-3a8a-4fef-9004-124b50f62057}</UniqueIdentifier>
    </Filter>
    <Filter Include="Resource">
      <UniqueIdentifier>{97676efa-02d4-4134-a2e5-94600735a362}</UniqueIdentifier>
    </Filter>
    <Filter Include="D3D12RHI">
      <UniqueIdentifier>{5702e2a3-29d8-4f19-8d5a-59eb37931d46}</UniqueIdentifier>
    </Filter>
    <Filter Include="Core">
      <UniqueIdentifier>{42f000eb-770c-4e73-b2c4-e3e41ee7c309}</UniqueIdentifier>
    </Filter>
    <Filter Include="Renderer">
      <UniqueIdentifier>{6d0ff1c5-01d6-453c-a9c9-0d992014b2f0}</UniqueIdentifier>
    </Filter>
  </ItemGroup>
  <ItemGroup>
    <ClCompile Include="Main.cpp" />
    <ClCompile Include="pch.cpp" />
    <ClCompile Include="Utility\DxException.cpp">
      <Filter>Utility</Filter>
    </ClCompile>
    <ClCompile Include="Utility\d3dUtil.cpp">
      <Filter>Utility</Filter>
    </ClCompile>
    <ClCompile Include="Engine.cpp" />
    <ClCompile Include="GameTimer.cpp" />
    <ClCompile Include="Resource\ResourceManager.cpp">
      <Filter>Resource</Filter>
    </ClCompile>
    <ClCompile Include="Utility\MathHelper.cpp">
      <Filter>Utility</Filter>
    </ClCompile>
    <ClCompile Include="Input.cpp" />
    <ClCompile Include="Math\Random.cpp">
      <Filter>Math</Filter>
    </ClCompile>
    <ClCompile Include="D3D12RHI\RenderDevice.cpp">
      <Filter>D3D12RHI</Filter>
    </ClCompile>
    <ClCompile Include="D3D12RHI\RootSignature.cpp">
      <Filter>D3D12RHI</Filter>
    </ClCompile>
    <ClCompile Include="D3D12RHI\PipelineState.cpp">
      <Filter>D3D12RHI</Filter>
    </ClCompile>
    <ClCompile Include="D3D12RHI\SwapChain.cpp">
      <Filter>D3D12RHI</Filter>
    </ClCompile>
    <ClCompile Include="Utility\Debug.cpp">
      <Filter>Utility</Filter>
    </ClCompile>
    <ClCompile Include="D3D12RHI\DescriptorHeap.cpp">
      <Filter>D3D12RHI</Filter>
    </ClCompile>
    <ClCompile Include="D3D12RHI\VariableSizeAllocationsManager.cpp">
      <Filter>D3D12RHI</Filter>
    </ClCompile>
    <ClCompile Include="D3D12RHI\CommandQueue.cpp">
      <Filter>D3D12RHI</Filter>
    </ClCompile>
    <ClCompile Include="D3D12RHI\StaleResourceWrapper.cpp">
      <Filter>D3D12RHI</Filter>
    </ClCompile>
    <ClCompile Include="D3D12RHI\ShaderResource.cpp">
      <Filter>D3D12RHI</Filter>
    </ClCompile>
    <ClCompile Include="D3D12RHI\Shader.cpp">
      <Filter>D3D12RHI</Filter>
    </ClCompile>
    <ClCompile Include="D3D12RHI\ShaderResourceLayout.cpp">
      <Filter>D3D12RHI</Filter>
    </ClCompile>
    <ClCompile Include="D3D12RHI\ShaderResourceBinding.cpp">
      <Filter>D3D12RHI</Filter>
    </ClCompile>
    <ClCompile Include="D3D12RHI\ShaderResourceCache.cpp">
      <Filter>D3D12RHI</Filter>
    </ClCompile>
    <ClCompile Include="D3D12RHI\ShaderVariable.cpp">
      <Filter>D3D12RHI</Filter>
    </ClCompile>
    <ClCompile Include="D3D12RHI\ShaderResourceBindingUtility.cpp">
      <Filter>D3D12RHI</Filter>
    </ClCompile>
    <ClCompile Include="D3D12RHI\CommandContext.cpp">
      <Filter>D3D12RHI</Filter>
    </ClCompile>
    <ClCompile Include="D3D12RHI\CommandAllocatorPool.cpp">
      <Filter>D3D12RHI</Filter>
    </ClCompile>
    <ClCompile Include="D3D12RHI\CommandListManager.cpp">
      <Filter>D3D12RHI</Filter>
    </ClCompile>
    <ClCompile Include="D3D12RHI\GpuResource.cpp">
      <Filter>D3D12RHI</Filter>
    </ClCompile>
    <ClCompile Include="D3D12RHI\GpuBuffer.cpp">
      <Filter>D3D12RHI</Filter>
    </ClCompile>
    <ClCompile Include="D3D12RHI\GpuTexture.cpp">
      <Filter>D3D12RHI</Filter>
    </ClCompile>
    <ClCompile Include="D3D12RHI\GpuResourceDescriptor.cpp">
      <Filter>D3D12RHI</Filter>
    </ClCompile>
    <ClCompile Include="D3D12RHI\GpuTexture2D.cpp">
      <Filter>D3D12RHI</Filter>
    </ClCompile>
    <ClCompile Include="D3D12RHI\GpuRenderTexture.cpp">
      <Filter>D3D12RHI</Filter>
    </ClCompile>
    <ClCompile Include="D3D12RHI\GpuRenderTextureColor.cpp">
      <Filter>D3D12RHI</Filter>
    </ClCompile>
    <ClCompile Include="D3D12RHI\GpuRenderTextureDepth.cpp">
      <Filter>D3D12RHI</Filter>
    </ClCompile>
    <ClCompile Include="Core\Color.cpp">
      <Filter>Core</Filter>
    </ClCompile>
    <ClCompile Include="Renderer\Camera.cpp">
      <Filter>Renderer</Filter>
    </ClCompile>
    <ClCompile Include="Renderer\Component.cpp">
      <Filter>Renderer</Filter>
    </ClCompile>
    <ClCompile Include="Renderer\FrameResource.cpp">
      <Filter>Renderer</Filter>
    </ClCompile>
    <ClCompile Include="Renderer\GameObject.cpp">
      <Filter>Renderer</Filter>
    </ClCompile>
    <ClCompile Include="Renderer\GeometryFactory.cpp">
      <Filter>Renderer</Filter>
    </ClCompile>
    <ClCompile Include="Renderer\GeometryGenerator.cpp">
      <Filter>Renderer</Filter>
    </ClCompile>
    <ClCompile Include="Renderer\GraphicContext.cpp">
      <Filter>Renderer</Filter>
    </ClCompile>
    <ClCompile Include="Renderer\Light.cpp">
      <Filter>Renderer</Filter>
    </ClCompile>
    <ClCompile Include="Renderer\Material.cpp">
      <Filter>Renderer</Filter>
    </ClCompile>
    <ClCompile Include="Renderer\Mesh.cpp">
      <Filter>Renderer</Filter>
    </ClCompile>
    <ClCompile Include="Renderer\MeshRenderer.cpp">
      <Filter>Renderer</Filter>
    </ClCompile>
    <ClCompile Include="Renderer\Renderer.cpp">
      <Filter>Renderer</Filter>
    </ClCompile>
    <ClCompile Include="Renderer\RendererStateDesc.cpp">
      <Filter>Renderer</Filter>
    </ClCompile>
    <ClCompile Include="Renderer\RenderQueue.cpp">
      <Filter>Renderer</Filter>
    </ClCompile>
    <ClCompile Include="Renderer\SceneManager.cpp">
      <Filter>Renderer</Filter>
    </ClCompile>
    <ClCompile Include="Renderer\ShaderManager.cpp">
      <Filter>Renderer</Filter>
    </ClCompile>
    <ClCompile Include="Renderer\StandardShader.cpp">
      <Filter>Renderer</Filter>
    </ClCompile>
    <ClCompile Include="Renderer\Transform.cpp">
      <Filter>Renderer</Filter>
    </ClCompile>
    <ClCompile Include="Core\RingBuffer.cpp">
      <Filter>Core</Filter>
    </ClCompile>
    <ClCompile Include="D3D12RHI\DynamicResource.cpp">
      <Filter>D3D12RHI</Filter>
    </ClCompile>
    <ClCompile Include="Renderer\ShaderOld.cpp">
      <Filter>Renderer</Filter>
    </ClCompile>
  </ItemGroup>
  <ItemGroup>
    <ClInclude Include="pch.h" />
    <ClInclude Include="Utility\d3dx12.h">
      <Filter>Utility</Filter>
    </ClInclude>
    <ClInclude Include="Utility\DxException.h">
      <Filter>Utility</Filter>
    </ClInclude>
    <ClInclude Include="Utility\PathUtil.h">
      <Filter>Utility</Filter>
    </ClInclude>
    <ClInclude Include="Utility\d3dUtil.h">
      <Filter>Utility</Filter>
    </ClInclude>
    <ClInclude Include="Engine.h" />
    <ClInclude Include="resource.h" />
    <ClInclude Include="Utility\MathHelper.h">
      <Filter>Utility</Filter>
    </ClInclude>
    <ClInclude Include="GameTimer.h" />
    <ClInclude Include="Resource\ResourceManager.h">
      <Filter>Resource</Filter>
    </ClInclude>
    <ClInclude Include="Utility\Singleton.h">
      <Filter>Utility</Filter>
    </ClInclude>
    <ClInclude Include="Input.h" />
    <ClInclude Include="Math\BoundingPlane.h">
      <Filter>Math</Filter>
    </ClInclude>
    <ClInclude Include="Math\BoundingSphere.h">
      <Filter>Math</Filter>
    </ClInclude>
    <ClInclude Include="Math\Common.h">
      <Filter>Math</Filter>
    </ClInclude>
    <ClInclude Include="Math\Matrix3.h">
      <Filter>Math</Filter>
    </ClInclude>
    <ClInclude Include="Math\Matrix4.h">
      <Filter>Math</Filter>
    </ClInclude>
    <ClInclude Include="Math\Quaternion.h">
      <Filter>Math</Filter>
    </ClInclude>
    <ClInclude Include="Math\Random.h">
      <Filter>Math</Filter>
    </ClInclude>
    <ClInclude Include="Math\Scalar.h">
      <Filter>Math</Filter>
    </ClInclude>
    <ClInclude Include="Math\Transform.h">
      <Filter>Math</Filter>
    </ClInclude>
    <ClInclude Include="Math\Vector.h">
      <Filter>Math</Filter>
    </ClInclude>
    <ClInclude Include="Math\VectorMath.h">
      <Filter>Math</Filter>
    </ClInclude>
    <ClInclude Include="D3D12RHI\RenderDevice.h">
      <Filter>D3D12RHI</Filter>
    </ClInclude>
    <ClInclude Include="D3D12RHI\PipelineState.h">
      <Filter>D3D12RHI</Filter>
    </ClInclude>
    <ClInclude Include="D3D12RHI\RootSignature.h">
      <Filter>D3D12RHI</Filter>
    </ClInclude>
    <ClInclude Include="D3D12RHI\SwapChain.h">
      <Filter>D3D12RHI</Filter>
    </ClInclude>
    <ClInclude Include="D3D12RHI\GraphicsEnums.h">
      <Filter>D3D12RHI</Filter>
    </ClInclude>
    <ClInclude Include="Utility\Debug.h">
      <Filter>Utility</Filter>
    </ClInclude>
    <ClInclude Include="D3D12RHI\DescriptorHeap.h">
      <Filter>D3D12RHI</Filter>
    </ClInclude>
    <ClInclude Include="D3D12RHI\VariableSizeAllocationsManager.h">
      <Filter>D3D12RHI</Filter>
    </ClInclude>
    <ClInclude Include="D3D12RHI\CommandQueue.h">
      <Filter>D3D12RHI</Filter>
    </ClInclude>
    <ClInclude Include="D3D12RHI\StaleResourceWrapper.h">
      <Filter>D3D12RHI</Filter>
    </ClInclude>
    <ClInclude Include="D3D12RHI\ShaderResource.h">
      <Filter>D3D12RHI</Filter>
    </ClInclude>
    <ClInclude Include="Utility\HashUtils.hpp">
      <Filter>Utility</Filter>
    </ClInclude>
    <ClInclude Include="D3D12RHI\Shader.h">
      <Filter>D3D12RHI</Filter>
    </ClInclude>
    <ClInclude Include="D3D12RHI\ShaderResourceLayout.h">
      <Filter>D3D12RHI</Filter>
    </ClInclude>
    <ClInclude Include="D3D12RHI\ShaderResourceBinding.h">
      <Filter>D3D12RHI</Filter>
    </ClInclude>
    <ClInclude Include="D3D12RHI\ShaderResourceCache.h">
      <Filter>D3D12RHI</Filter>
    </ClInclude>
    <ClInclude Include="D3D12RHI\ShaderVariable.h">
      <Filter>D3D12RHI</Filter>
    </ClInclude>
    <ClInclude Include="D3D12RHI\ShaderResourceBindingUtility.h">
      <Filter>D3D12RHI</Filter>
    </ClInclude>
    <ClInclude Include="D3D12RHI\CommandContext.h">
      <Filter>D3D12RHI</Filter>
    </ClInclude>
    <ClInclude Include="D3D12RHI\CommandAllocatorPool.h">
      <Filter>D3D12RHI</Filter>
    </ClInclude>
    <ClInclude Include="D3D12RHI\CommandListManager.h">
      <Filter>D3D12RHI</Filter>
    </ClInclude>
    <ClInclude Include="D3D12RHI\GpuResource.h">
      <Filter>D3D12RHI</Filter>
    </ClInclude>
    <ClInclude Include="D3D12RHI\GpuBuffer.h">
      <Filter>D3D12RHI</Filter>
    </ClInclude>
    <ClInclude Include="D3D12RHI\GpuTexture.h">
      <Filter>D3D12RHI</Filter>
    </ClInclude>
    <ClInclude Include="D3D12RHI\GpuResourceDescriptor.h">
      <Filter>D3D12RHI</Filter>
    </ClInclude>
    <ClInclude Include="D3D12RHI\GpuTexture2D.h">
      <Filter>D3D12RHI</Filter>
    </ClInclude>
    <ClInclude Include="D3D12RHI\GpuRenderTexture.h">
      <Filter>D3D12RHI</Filter>
    </ClInclude>
    <ClInclude Include="D3D12RHI\GpuRenderTextureColor.h">
      <Filter>D3D12RHI</Filter>
    </ClInclude>
    <ClInclude Include="D3D12RHI\GpuRenderTextureDepth.h">
      <Filter>D3D12RHI</Filter>
    </ClInclude>
    <ClInclude Include="Core\Color.h">
      <Filter>Core</Filter>
    </ClInclude>
    <ClInclude Include="Core\Align.h">
      <Filter>Core</Filter>
    </ClInclude>
    <ClInclude Include="Renderer\Camera.h">
      <Filter>Renderer</Filter>
    </ClInclude>
    <ClInclude Include="Renderer\Component.h">
      <Filter>Renderer</Filter>
    </ClInclude>
    <ClInclude Include="Renderer\FrameResource.h">
      <Filter>Renderer</Filter>
    </ClInclude>
    <ClInclude Include="Renderer\GameObject.h">
      <Filter>Renderer</Filter>
    </ClInclude>
    <ClInclude Include="Renderer\GeometryFactory.h">
      <Filter>Renderer</Filter>
    </ClInclude>
    <ClInclude Include="Renderer\GeometryGenerator.h">
      <Filter>Renderer</Filter>
    </ClInclude>
    <ClInclude Include="Renderer\GraphicContext.h">
      <Filter>Renderer</Filter>
    </ClInclude>
    <ClInclude Include="Renderer\Light.h">
      <Filter>Renderer</Filter>
    </ClInclude>
    <ClInclude Include="Renderer\Material.h">
      <Filter>Renderer</Filter>
    </ClInclude>
    <ClInclude Include="Renderer\Mesh.h">
      <Filter>Renderer</Filter>
    </ClInclude>
    <ClInclude Include="Renderer\MeshRenderer.h">
      <Filter>Renderer</Filter>
    </ClInclude>
    <ClInclude Include="Renderer\Renderer.h">
      <Filter>Renderer</Filter>
    </ClInclude>
    <ClInclude Include="Renderer\RendererStateDesc.h">
      <Filter>Renderer</Filter>
    </ClInclude>
    <ClInclude Include="Renderer\RenderQueue.h">
      <Filter>Renderer</Filter>
    </ClInclude>
    <ClInclude Include="Renderer\SceneManager.h">
      <Filter>Renderer</Filter>
    </ClInclude>
    <ClInclude Include="Renderer\ShaderManager.h">
      <Filter>Renderer</Filter>
    </ClInclude>
    <ClInclude Include="Renderer\StandardShader.h">
      <Filter>Renderer</Filter>
    </ClInclude>
    <ClInclude Include="Renderer\Transform.h">
      <Filter>Renderer</Filter>
    </ClInclude>
    <ClInclude Include="Renderer\UploadBuffer.h">
      <Filter>Renderer</Filter>
    </ClInclude>
    <ClInclude Include="Core\RingBuffer.h">
      <Filter>Core</Filter>
    </ClInclude>
    <ClInclude Include="D3D12RHI\DynamicResource.h">
      <Filter>D3D12RHI</Filter>
    </ClInclude>
    <ClInclude Include="Renderer\ShaderOld.h">
      <Filter>Renderer</Filter>
    </ClInclude>
  </ItemGroup>
  <ItemGroup>
    <ResourceCompile Include="PanGuEngine.rc" />
  </ItemGroup>
  <ItemGroup>
    <None Include="Math\Functions.inl">
      <Filter>Math</Filter>
    </None>
  </ItemGroup>
</Project>