<?xml version="1.0" encoding="utf-8"?>
<Project ToolsVersion="4.0" xmlns="http://schemas.microsoft.com/developer/msbuild/2003">
  <ItemGroup>
    <Filter Include="Utility">
      <UniqueIdentifier>{a312e714-6491-4257-a0cb-7ea797486021}</UniqueIdentifier>
    </Filter>
    <Filter Include="Shaders">
      <UniqueIdentifier>{b191ef9a-94c3-4040-b297-4a914d84a0c1}</UniqueIdentifier>
    </Filter>
    <Filter Include="RenderCore">
      <UniqueIdentifier>{6d0ff1c5-01d6-453c-a9c9-0d992014b2f0}</UniqueIdentifier>
    </Filter>
    <Filter Include="Math">
      <UniqueIdentifier>{38361d77-3a8a-4fef-9004-124b50f62057}</UniqueIdentifier>
    </Filter>
    <Filter Include="Singleton">
      <UniqueIdentifier>{c63a6374-ba09-40d1-a22b-1fee795eecff}</UniqueIdentifier>
    </Filter>
  </ItemGroup>
  <ItemGroup>
    <ClCompile Include="Main.cpp" />
    <ClCompile Include="pch.cpp" />
    <ClCompile Include="WindowsApplication.cpp" />
    <ClCompile Include="Utility\DxException.cpp">
      <Filter>Utility</Filter>
    </ClCompile>
    <ClCompile Include="Utility\d3dUtil.cpp">
      <Filter>Utility</Filter>
    </ClCompile>
    <ClCompile Include="RenderCore\Mesh.cpp">
      <Filter>RenderCore</Filter>
    </ClCompile>
    <ClCompile Include="RenderCore\Camera.cpp">
      <Filter>RenderCore</Filter>
    </ClCompile>
    <ClCompile Include="RenderCore\Scene.cpp">
      <Filter>RenderCore</Filter>
    </ClCompile>
    <ClCompile Include="Singleton\Screen.cpp">
      <Filter>Singleton</Filter>
    </ClCompile>
    <ClCompile Include="Engine.cpp" />
    <ClCompile Include="RenderCore\Renderer.cpp">
      <Filter>RenderCore</Filter>
    </ClCompile>
    <ClCompile Include="RenderCore\Material.cpp">
      <Filter>RenderCore</Filter>
    </ClCompile>
    <ClCompile Include="RenderCore\SubMesh.cpp">
      <Filter>RenderCore</Filter>
    </ClCompile>
    <ClCompile Include="GameTimer.cpp" />
    <ClCompile Include="RenderCore\FrameResource.cpp">
      <Filter>RenderCore</Filter>
    </ClCompile>
  </ItemGroup>
  <ItemGroup>
    <ClInclude Include="pch.h" />
    <ClInclude Include="WindowsApplication.h" />
    <ClInclude Include="Utility\d3dx12.h">
      <Filter>Utility</Filter>
    </ClInclude>
    <ClInclude Include="Utility\DxException.h">
      <Filter>Utility</Filter>
    </ClInclude>
    <ClInclude Include="Utility\PathUtil.h">
      <Filter>Utility</Filter>
    </ClInclude>
    <ClInclude Include="Utility\d3dUtil.h">
      <Filter>Utility</Filter>
    </ClInclude>
    <ClInclude Include="RenderCore\Camera.h">
      <Filter>RenderCore</Filter>
    </ClInclude>
    <ClInclude Include="RenderCore\Scene.h">
      <Filter>RenderCore</Filter>
    </ClInclude>
    <ClInclude Include="RenderCore\Mesh.h">
      <Filter>RenderCore</Filter>
    </ClInclude>
    <ClInclude Include="Singleton\Screen.h">
      <Filter>Singleton</Filter>
    </ClInclude>
    <ClInclude Include="Engine.h" />
    <ClInclude Include="resource.h" />
    <ClInclude Include="RenderCore\Renderer.h">
      <Filter>RenderCore</Filter>
    </ClInclude>
    <ClInclude Include="Utility\MathHelper.h">
      <Filter>Utility</Filter>
    </ClInclude>
    <ClInclude Include="RenderCore\Material.h">
      <Filter>RenderCore</Filter>
    </ClInclude>
    <ClInclude Include="RenderCore\SubMesh.h">
      <Filter>RenderCore</Filter>
    </ClInclude>
    <ClInclude Include="GameTimer.h" />
    <ClInclude Include="RenderCore\FrameResource.h">
      <Filter>RenderCore</Filter>
    </ClInclude>
    <ClInclude Include="RenderCore\UploadBuffer.h">
      <Filter>RenderCore</Filter>
    </ClInclude>
  </ItemGroup>
  <ItemGroup>
    <FxCompile Include="Shaders\shaders.hlsl">
      <Filter>Shaders</Filter>
    </FxCompile>
  </ItemGroup>
  <ItemGroup>
    <ResourceCompile Include="PanGuEngine.rc" />
  </ItemGroup>
</Project>